# THIS IS AN AUTOGENERATED FILE. DO NOT EDIT THIS FILE DIRECTLY.
# yarn lockfile v1


array-sorting-utilities@^0.0.1:
  version "0.0.1"
  resolved "https://registry.yarnpkg.com/array-sorting-utilities/-/array-sorting-utilities-0.0.1.tgz#bd8e547084270f59628633bd24ce70f3710fd145"
  integrity sha512-h/idT7IGFYQoUk+/ilm5uFAbG1mZ/vW5wYDJG+OD0w15AvTEBv3Yu9WGcV0dTTdKitcufHtLYQjHd42m9u7RZw==

interval-utilities@^0.0.1:
  version "0.0.1"
  resolved "https://registry.yarnpkg.com/interval-utilities/-/interval-utilities-0.0.1.tgz#7be1aab62524a3212656f93b6c997683f5cf03d9"
  integrity sha512-Qo1IAx3noFPA0ssKfNe0eQmLmGmquWlEiwPn9Oeb16L1PqWnNe0YGfeRlU/hF7dtjjYRdNfVMVl+0o0cMLvjOQ==
  dependencies:
    point-utilities latest

node-interval-tree@^2.1.2:
  version "2.1.2"
  resolved "https://registry.yarnpkg.com/node-interval-tree/-/node-interval-tree-2.1.2.tgz#316e380db08d1c0de0a620d551f0327e8397dad8"
  integrity sha512-bJ9zMDuNGzVQg1xv0bCPzyEDxHgbrx7/xGj6CDokvizZZmastPsOh0JJLuY8wA5q2SfX1TLNMk7XNV8WxbGxzA==
  dependencies:
    shallowequal "^1.1.0"

point-utilities@^0.0.2, point-utilities@latest:
  version "0.0.2"
  resolved "https://registry.yarnpkg.com/point-utilities/-/point-utilities-0.0.2.tgz#1f7442bf272f7e39ac87ffcbeb9652cc1d4ca108"
  integrity sha512-jNUr+ijPk0cWw39gtJG0O8HNPL2EVC7e2ilC1NUlJw1QVTgC8NIMS/8AmG9IJfvfmJx+IlT8KNJzf/Jb035STQ==

shallowequal@^1.1.0:
  version "1.1.0"
  resolved "https://registry.yarnpkg.com/shallowequal/-/shallowequal-1.1.0.tgz#188d521de95b9087404fd4dcb68b13df0ae4e7f8"
  integrity sha512-y0m1JoUZSlPAjXVtPPW70aZWfIL/dSP7AFkRnniLCrK/8MDKog3TySTBmckD+RObVxH0v4Tox67+F14PdED2oQ==

suspense@^0.0.38:
  version "0.0.38"
  resolved "https://registry.yarnpkg.com/suspense/-/suspense-0.0.38.tgz#edb826326e0665f5ff03bc753922c3e0ce300e7f"
  integrity sha512-0u82Snn5MUjMRULeio/OJDcR8DoI032aGw+x2WHFgs3d5zPxMqGOlkEXrsFuYpN3fL4fukaNmOspZVUcJJ5Kmg==
  dependencies:
    array-sorting-utilities "^0.0.1"
    interval-utilities "^0.0.1"
    node-interval-tree "^2.1.2"
    point-utilities "^0.0.2"
